
Microsoft Visual Studio Solution File, Format Version 12.00
# Visual Studio Version 17
VisualStudioVersion = 17.6.33717.318
MinimumVisualStudioVersion = 10.0.40219.1
Project("{8BC9CEB8-8B4A-11D0-8D11-00A0C91BC942}") = "RebootAt", "RebootAt.vcxproj", "{CF8AED36-FC29-4A12-AE81-D1C0408C6EB2}"
EndProject
Global
	GlobalSection(SolutionConfigurationPlatforms) = preSolution
		Debug|x64 = Debug|x64
		Debug|x86 = Debug|x86
		Release|x64 = Release|x64
		Release|x86 = Release|x86
	EndGlobalSection
	GlobalSection(ProjectConfigurationPlatforms) = postSolution
		{CF8AED36-FC29-4A12-AE81-D1C0408C6EB2}.Debug|x64.ActiveCfg = Debug|x64
		{CF8AED36-FC29-4A12-AE81-D1C0408C6EB2}.Debug|x64.Build.0 = Debug|x64
		{CF8AED36-FC29-4A12-AE81-D1C0408C6EB2}.Debug|x86.ActiveCfg = Debug|Win32
		{CF8AED36-FC29-4A12-AE81-D1C0408C6EB2}.Debug|x86.Build.0 = Debug|Win32
		{CF8AED36-FC29-4A12-AE81-D1C0408C6EB2}.Release|x64.ActiveCfg = Release|x64
		{CF8AED36-FC29-4A12-AE81-D1C0408C6EB2}.Release|x64.Build.0 = Release|x64
		{CF8AED36-FC29-4A12-AE81-D1C0408C6EB2}.Release|x86.ActiveCfg = Release|Win32
		{CF8AED36-FC29-4A12-AE81-D1C0408C6EB2}.Release|x86.Build.0 = Release|Win32
	EndGlobalSection
	GlobalSection(SolutionProperties) = preSolution
		HideSolutionNode = FALSE
	EndGlobalSection
	GlobalSection(ExtensibilityGlobals) = postSolution
		SolutionGuid = {77211835-F7F3-4463-952F-20D32D631020}
	EndGlobalSection
EndGlobal
